
Microsoft Visual Studio Solution File, Format Version 12.00
# Visual Studio 14
VisualStudioVersion = 14.0.25420.1
MinimumVisualStudioVersion = 10.0.40219.1
Project("{FAE04EC0-301F-11D3-BF4B-00C04F79EFBC}") = "Dec_to_Rom", "Dec_to_Rom\Dec_to_Rom.csproj", "{694BD530-D364-4706-A716-151CA8C32923}"
EndProject
Project("{FAE04EC0-301F-11D3-BF4B-00C04F79EFBC}") = "Test_Dec_to_Rom", "Test_Dec_to_Rom\Test_Dec_to_Rom.csproj", "{276419BF-0D78-4160-B5B6-983F24AE6F90}"
EndProject
Global
	GlobalSection(SolutionConfigurationPlatforms) = preSolution
		Debug|Any CPU = Debug|Any CPU
		Release|Any CPU = Release|Any CPU
	EndGlobalSection
	GlobalSection(ProjectConfigurationPlatforms) = postSolution
		{694BD530-D364-4706-A716-151CA8C32923}.Debug|Any CPU.ActiveCfg = Debug|Any CPU
		{694BD530-D364-4706-A716-151CA8C32923}.Debug|Any CPU.Build.0 = Debug|Any CPU
		{694BD530-D364-4706-A716-151CA8C32923}.Release|Any CPU.ActiveCfg = Release|Any CPU
		{694BD530-D364-4706-A716-151CA8C32923}.Release|Any CPU.Build.0 = Release|Any CPU
		{276419BF-0D78-4160-B5B6-983F24AE6F90}.Debug|Any CPU.ActiveCfg = Debug|Any CPU
		{276419BF-0D78-4160-B5B6-983F24AE6F90}.Debug|Any CPU.Build.0 = Debug|Any CPU
		{276419BF-0D78-4160-B5B6-983F24AE6F90}.Release|Any CPU.ActiveCfg = Release|Any CPU
		{276419BF-0D78-4160-B5B6-983F24AE6F90}.Release|Any CPU.Build.0 = Release|Any CPU
	EndGlobalSection
	GlobalSection(SolutionProperties) = preSolution
		HideSolutionNode = FALSE
	EndGlobalSection
EndGlobal
