
Microsoft Visual Studio Solution File, Format Version 12.00
# Visual Studio 14
VisualStudioVersion = 14.0.25420.1
MinimumVisualStudioVersion = 10.0.40219.1
Project("{FAE04EC0-301F-11D3-BF4B-00C04F79EFBC}") = "Fröhliche_Zahlen", "Fröhliche_Zahlen\Fröhliche_Zahlen.csproj", "{62506D74-7BE2-4C23-8C0F-5DAF7AE74F17}"
EndProject
Project("{FAE04EC0-301F-11D3-BF4B-00C04F79EFBC}") = "Test_Fröhliche_Zahlen", "Test_Fröhliche_Zahlen\Test_Fröhliche_Zahlen.csproj", "{D5C987C1-34C9-4B60-A868-6AF4CD3140F4}"
EndProject
Global
	GlobalSection(SolutionConfigurationPlatforms) = preSolution
		Debug|Any CPU = Debug|Any CPU
		Release|Any CPU = Release|Any CPU
	EndGlobalSection
	GlobalSection(ProjectConfigurationPlatforms) = postSolution
		{62506D74-7BE2-4C23-8C0F-5DAF7AE74F17}.Debug|Any CPU.ActiveCfg = Debug|Any CPU
		{62506D74-7BE2-4C23-8C0F-5DAF7AE74F17}.Debug|Any CPU.Build.0 = Debug|Any CPU
		{62506D74-7BE2-4C23-8C0F-5DAF7AE74F17}.Release|Any CPU.ActiveCfg = Release|Any CPU
		{62506D74-7BE2-4C23-8C0F-5DAF7AE74F17}.Release|Any CPU.Build.0 = Release|Any CPU
		{D5C987C1-34C9-4B60-A868-6AF4CD3140F4}.Debug|Any CPU.ActiveCfg = Debug|Any CPU
		{D5C987C1-34C9-4B60-A868-6AF4CD3140F4}.Debug|Any CPU.Build.0 = Debug|Any CPU
		{D5C987C1-34C9-4B60-A868-6AF4CD3140F4}.Release|Any CPU.ActiveCfg = Release|Any CPU
		{D5C987C1-34C9-4B60-A868-6AF4CD3140F4}.Release|Any CPU.Build.0 = Release|Any CPU
	EndGlobalSection
	GlobalSection(SolutionProperties) = preSolution
		HideSolutionNode = FALSE
	EndGlobalSection
EndGlobal
